
Microsoft Visual Studio Solution File, Format Version 12.00
# Visual Studio 15
VisualStudioVersion = 15.0.28307.1062
MinimumVisualStudioVersion = 10.0.40219.1
Project("{9A19103F-16F7-4668-BE54-9A1E7A4F7556}") = "Entities", "Entities\Entities.csproj", "{E6055CE5-E8BF-4815-87F9-4A6B55A19DED}"
EndProject
Project("{9A19103F-16F7-4668-BE54-9A1E7A4F7556}") = "DataAccess", "DataAccess\DataAccess.csproj", "{1AF52C6C-AADD-4D20-BA9A-CA4447680042}"
EndProject
Project("{9A19103F-16F7-4668-BE54-9A1E7A4F7556}") = "Business", "Business\Business.csproj", "{A91B8500-5A61-4776-B026-F2B054974E7A}"
EndProject
Project("{9A19103F-16F7-4668-BE54-9A1E7A4F7556}") = "Core", "Core\Core.csproj", "{4FE00FEE-2211-469B-A06A-A12F20D6D6CC}"
EndProject
Project("{9A19103F-16F7-4668-BE54-9A1E7A4F7556}") = "WebAPI", "WebAPI\WebAPI.csproj", "{D965702E-2EDC-4833-967F-9FFD9CC4B769}"
EndProject
Global
	GlobalSection(SolutionConfigurationPlatforms) = preSolution
		Debug|Any CPU = Debug|Any CPU
		Release|Any CPU = Release|Any CPU
	EndGlobalSection
	GlobalSection(ProjectConfigurationPlatforms) = postSolution
		{E6055CE5-E8BF-4815-87F9-4A6B55A19DED}.Debug|Any CPU.ActiveCfg = Debug|Any CPU
		{E6055CE5-E8BF-4815-87F9-4A6B55A19DED}.Debug|Any CPU.Build.0 = Debug|Any CPU
		{E6055CE5-E8BF-4815-87F9-4A6B55A19DED}.Release|Any CPU.ActiveCfg = Release|Any CPU
		{E6055CE5-E8BF-4815-87F9-4A6B55A19DED}.Release|Any CPU.Build.0 = Release|Any CPU
		{1AF52C6C-AADD-4D20-BA9A-CA4447680042}.Debug|Any CPU.ActiveCfg = Debug|Any CPU
		{1AF52C6C-AADD-4D20-BA9A-CA4447680042}.Debug|Any CPU.Build.0 = Debug|Any CPU
		{1AF52C6C-AADD-4D20-BA9A-CA4447680042}.Release|Any CPU.ActiveCfg = Release|Any CPU
		{1AF52C6C-AADD-4D20-BA9A-CA4447680042}.Release|Any CPU.Build.0 = Release|Any CPU
		{A91B8500-5A61-4776-B026-F2B054974E7A}.Debug|Any CPU.ActiveCfg = Debug|Any CPU
		{A91B8500-5A61-4776-B026-F2B054974E7A}.Debug|Any CPU.Build.0 = Debug|Any CPU
		{A91B8500-5A61-4776-B026-F2B054974E7A}.Release|Any CPU.ActiveCfg = Release|Any CPU
		{A91B8500-5A61-4776-B026-F2B054974E7A}.Release|Any CPU.Build.0 = Release|Any CPU
		{4FE00FEE-2211-469B-A06A-A12F20D6D6CC}.Debug|Any CPU.ActiveCfg = Debug|Any CPU
		{4FE00FEE-2211-469B-A06A-A12F20D6D6CC}.Debug|Any CPU.Build.0 = Debug|Any CPU
		{4FE00FEE-2211-469B-A06A-A12F20D6D6CC}.Release|Any CPU.ActiveCfg = Release|Any CPU
		{4FE00FEE-2211-469B-A06A-A12F20D6D6CC}.Release|Any CPU.Build.0 = Release|Any CPU
		{D965702E-2EDC-4833-967F-9FFD9CC4B769}.Debug|Any CPU.ActiveCfg = Debug|Any CPU
		{D965702E-2EDC-4833-967F-9FFD9CC4B769}.Debug|Any CPU.Build.0 = Debug|Any CPU
		{D965702E-2EDC-4833-967F-9FFD9CC4B769}.Release|Any CPU.ActiveCfg = Release|Any CPU
		{D965702E-2EDC-4833-967F-9FFD9CC4B769}.Release|Any CPU.Build.0 = Release|Any CPU
	EndGlobalSection
	GlobalSection(SolutionProperties) = preSolution
		HideSolutionNode = FALSE
	EndGlobalSection
	GlobalSection(ExtensibilityGlobals) = postSolution
		SolutionGuid = {2F834881-6B47-4CA1-BA55-70627653063C}
	EndGlobalSection
EndGlobal
